{
  "requires": true,
  "lockfileVersion": 1,
  "dependencies": {
    "clay": {
      "version": "2.4.1",
      "resolved": "https://registry.npmjs.org/clay/-/clay-2.4.1.tgz",
      "integrity": "sha512-jbTlo84t8yrnn2WFyNz6toBvM85ya4v77+VLLNXqvkNzNeoYeiEIgiRcw6f73yemxnY5WDuxyh+9XicQ4N5F7Q=="
    }
  }
}
